<Solution>
  <Project Path="Assembly-CSharp.csproj" />
  <Project Path="Fusion.Unity.Editor.csproj" />
  <Project Path="Fusion.Unity.csproj" />
  <Project Path="LeanLocalization.csproj" />
  <Project Path="LeanCommon.csproj" />
  <Project Path="Unity.Fusion.CodeGen.csproj" />
  <Project Path="LeanLocalizationEditor.csproj" />
</Solution>
